{
  "name": "frontend",
  "version": "0.0.8",
  "lockfileVersion": 1,
  "requires": true,
  "dependencies": {
    "apollo-angular-link-http": {
      "version": "1.1.1",
      "resolved": "https://registry.npmjs.org/apollo-angular-link-http/-/apollo-angular-link-http-1.1.1.tgz",
      "integrity": "sha512-Y08+12ZB/7GzlMdblSsvZg92oYicN+8gqLQ9rMaSwHYtR18Zrwfg3YDVI9XSB/lNw7riAQ+ldBZdPf2K0lD9UA==",
      "requires": {
        "apollo-angular-link-http-common": "1.1.1"
      }
    },
    "apollo-angular-link-http-common": {
      "version": "1.1.1",
      "resolved": "https://registry.npmjs.org/apollo-angular-link-http-common/-/apollo-angular-link-http-common-1.1.1.tgz",
      "integrity": "sha512-cGCN4pJJA1boHhO6mOPNARMwg/dFxt3dR5NiwHYg87ZpwsNp3ehokIkSw0hIsMRIaE/YbrgZv2lDUsvuznXMtQ=="
    }
  }
}
